
Microsoft Visual Studio Solution File, Format Version 12.00
# Visual Studio 14
VisualStudioVersion = 14.0.25123.0
MinimumVisualStudioVersion = 10.0.40219.1
Project("{FAE04EC0-301F-11D3-BF4B-00C04F79EFBC}") = "WebDeveloper", "WebDeveloper\WebDeveloper.csproj", "{A116F29E-163C-4C0D-9296-55985F2BE3C4}"
EndProject
Project("{FAE04EC0-301F-11D3-BF4B-00C04F79EFBC}") = "WebDeveloper.Model", "WebDeveloper.Model\WebDeveloper.Model.csproj", "{799EC88D-C8F0-47BC-A707-9C74023E17A5}"
EndProject
Project("{FAE04EC0-301F-11D3-BF4B-00C04F79EFBC}") = "WebDeveloper.DataAccess", "WebDeveloper.DataAccess\WebDeveloper.DataAccess.csproj", "{B738A10E-30AD-4154-BEDC-13F6DDC91B8E}"
EndProject
Project("{FAE04EC0-301F-11D3-BF4B-00C04F79EFBC}") = "WebDeveloper.Resources", "WebDeveloper.Resources\WebDeveloper.Resources.csproj", "{D95B4AA7-E500-4BF8-AD77-8803CA031B13}"
EndProject
Project("{E24C65DC-7377-472B-9ABA-BC803B73C61A}") = "WebDeveloper.Report(1)", "WebDeveloper.Report\", "{DAD52120-2E5C-43E1-9B2B-22C7AA68AAE2}"
	ProjectSection(WebsiteProperties) = preProject
		TargetFrameworkMoniker = ".NETFramework,Version%3Dv4.5.2"
		Debug.AspNetCompiler.VirtualPath = "/localhost_56523"
		Debug.AspNetCompiler.PhysicalPath = "WebDeveloper.Report\"
		Debug.AspNetCompiler.TargetPath = "PrecompiledWeb\localhost_56523\"
		Debug.AspNetCompiler.Updateable = "true"
		Debug.AspNetCompiler.ForceOverwrite = "true"
		Debug.AspNetCompiler.FixedNames = "false"
		Debug.AspNetCompiler.Debug = "True"
		Release.AspNetCompiler.VirtualPath = "/localhost_56523"
		Release.AspNetCompiler.PhysicalPath = "WebDeveloper.Report\"
		Release.AspNetCompiler.TargetPath = "PrecompiledWeb\localhost_56523\"
		Release.AspNetCompiler.Updateable = "true"
		Release.AspNetCompiler.ForceOverwrite = "true"
		Release.AspNetCompiler.FixedNames = "false"
		Release.AspNetCompiler.Debug = "False"
		VWDPort = "56523"
		SlnRelativePath = "WebDeveloper.Report\"
	EndProjectSection
EndProject
Global
	GlobalSection(SolutionConfigurationPlatforms) = preSolution
		Debug|Any CPU = Debug|Any CPU
		Release|Any CPU = Release|Any CPU
	EndGlobalSection
	GlobalSection(ProjectConfigurationPlatforms) = postSolution
		{A116F29E-163C-4C0D-9296-55985F2BE3C4}.Debug|Any CPU.ActiveCfg = Debug|Any CPU
		{A116F29E-163C-4C0D-9296-55985F2BE3C4}.Debug|Any CPU.Build.0 = Debug|Any CPU
		{A116F29E-163C-4C0D-9296-55985F2BE3C4}.Release|Any CPU.ActiveCfg = Release|Any CPU
		{A116F29E-163C-4C0D-9296-55985F2BE3C4}.Release|Any CPU.Build.0 = Release|Any CPU
		{799EC88D-C8F0-47BC-A707-9C74023E17A5}.Debug|Any CPU.ActiveCfg = Debug|Any CPU
		{799EC88D-C8F0-47BC-A707-9C74023E17A5}.Debug|Any CPU.Build.0 = Debug|Any CPU
		{799EC88D-C8F0-47BC-A707-9C74023E17A5}.Release|Any CPU.ActiveCfg = Release|Any CPU
		{799EC88D-C8F0-47BC-A707-9C74023E17A5}.Release|Any CPU.Build.0 = Release|Any CPU
		{B738A10E-30AD-4154-BEDC-13F6DDC91B8E}.Debug|Any CPU.ActiveCfg = Debug|Any CPU
		{B738A10E-30AD-4154-BEDC-13F6DDC91B8E}.Debug|Any CPU.Build.0 = Debug|Any CPU
		{B738A10E-30AD-4154-BEDC-13F6DDC91B8E}.Release|Any CPU.ActiveCfg = Release|Any CPU
		{B738A10E-30AD-4154-BEDC-13F6DDC91B8E}.Release|Any CPU.Build.0 = Release|Any CPU
		{D95B4AA7-E500-4BF8-AD77-8803CA031B13}.Debug|Any CPU.ActiveCfg = Debug|Any CPU
		{D95B4AA7-E500-4BF8-AD77-8803CA031B13}.Debug|Any CPU.Build.0 = Debug|Any CPU
		{D95B4AA7-E500-4BF8-AD77-8803CA031B13}.Release|Any CPU.ActiveCfg = Release|Any CPU
		{D95B4AA7-E500-4BF8-AD77-8803CA031B13}.Release|Any CPU.Build.0 = Release|Any CPU
		{DAD52120-2E5C-43E1-9B2B-22C7AA68AAE2}.Debug|Any CPU.ActiveCfg = Debug|Any CPU
		{DAD52120-2E5C-43E1-9B2B-22C7AA68AAE2}.Debug|Any CPU.Build.0 = Debug|Any CPU
		{DAD52120-2E5C-43E1-9B2B-22C7AA68AAE2}.Release|Any CPU.ActiveCfg = Debug|Any CPU
		{DAD52120-2E5C-43E1-9B2B-22C7AA68AAE2}.Release|Any CPU.Build.0 = Debug|Any CPU
	EndGlobalSection
	GlobalSection(SolutionProperties) = preSolution
		HideSolutionNode = FALSE
	EndGlobalSection
EndGlobal
